
Microsoft Visual Studio Solution File, Format Version 12.00
# Visual Studio Version 17
VisualStudioVersion = 17.13.35825.156 d17.13
MinimumVisualStudioVersion = 10.0.40219.1
Project("{FAE04EC0-301F-11D3-BF4B-00C04F79EFBC}") = "ClipShare.WebApp", "ClipShare.WebApp\ClipShare.WebApp.csproj", "{7D71CC85-0C8E-4BC4-AF17-3DD5C96EDD34}"
EndProject
Project("{FAE04EC0-301F-11D3-BF4B-00C04F79EFBC}") = "ClipShare.Core", "ClipShare.Core\ClipShare.Core.csproj", "{6C73DC19-411B-4703-BFB0-BD9E0D22FA12}"
EndProject
Project("{FAE04EC0-301F-11D3-BF4B-00C04F79EFBC}") = "ClipShare.DataAccess", "ClipShare.DataAccess\ClipShare.DataAccess.csproj", "{0BE4F5CD-94B6-4107-BC67-D12EF29D63FD}"
EndProject
Global
	GlobalSection(SolutionConfigurationPlatforms) = preSolution
		Debug|Any CPU = Debug|Any CPU
		Release|Any CPU = Release|Any CPU
	EndGlobalSection
	GlobalSection(ProjectConfigurationPlatforms) = postSolution
		{7D71CC85-0C8E-4BC4-AF17-3DD5C96EDD34}.Debug|Any CPU.ActiveCfg = Debug|Any CPU
		{7D71CC85-0C8E-4BC4-AF17-3DD5C96EDD34}.Debug|Any CPU.Build.0 = Debug|Any CPU
		{7D71CC85-0C8E-4BC4-AF17-3DD5C96EDD34}.Release|Any CPU.ActiveCfg = Release|Any CPU
		{7D71CC85-0C8E-4BC4-AF17-3DD5C96EDD34}.Release|Any CPU.Build.0 = Release|Any CPU
		{6C73DC19-411B-4703-BFB0-BD9E0D22FA12}.Debug|Any CPU.ActiveCfg = Debug|Any CPU
		{6C73DC19-411B-4703-BFB0-BD9E0D22FA12}.Debug|Any CPU.Build.0 = Debug|Any CPU
		{6C73DC19-411B-4703-BFB0-BD9E0D22FA12}.Release|Any CPU.ActiveCfg = Release|Any CPU
		{6C73DC19-411B-4703-BFB0-BD9E0D22FA12}.Release|Any CPU.Build.0 = Release|Any CPU
		{0BE4F5CD-94B6-4107-BC67-D12EF29D63FD}.Debug|Any CPU.ActiveCfg = Debug|Any CPU
		{0BE4F5CD-94B6-4107-BC67-D12EF29D63FD}.Debug|Any CPU.Build.0 = Debug|Any CPU
		{0BE4F5CD-94B6-4107-BC67-D12EF29D63FD}.Release|Any CPU.ActiveCfg = Release|Any CPU
		{0BE4F5CD-94B6-4107-BC67-D12EF29D63FD}.Release|Any CPU.Build.0 = Release|Any CPU
	EndGlobalSection
	GlobalSection(SolutionProperties) = preSolution
		HideSolutionNode = FALSE
	EndGlobalSection
	GlobalSection(ExtensibilityGlobals) = postSolution
		SolutionGuid = {1048355C-ABB9-40B7-AB08-BCC76F931970}
	EndGlobalSection
EndGlobal
